
Microsoft Visual Studio Solution File, Format Version 12.00
# Visual Studio Version 17
VisualStudioVersion = 17.5.002.0
MinimumVisualStudioVersion = 10.0.40219.1
Project("{2150E333-8FDC-42A3-9474-1A3956D46DE8}") = "CsharpProjects", "CsharpProjects", "{BBC7C280-7A77-42B3-A81F-5471D7D2DF63}"
EndProject
Project("{9A19103F-16F7-4668-BE54-9A1E7A4F7556}") = "TestProject", "CsharpProjects\TestProject\TestProject.csproj", "{3C10D7F4-2D33-46AC-9CBF-6F17103AAD86}"
EndProject
Global
	GlobalSection(SolutionConfigurationPlatforms) = preSolution
		Debug|Any CPU = Debug|Any CPU
		Release|Any CPU = Release|Any CPU
	EndGlobalSection
	GlobalSection(ProjectConfigurationPlatforms) = postSolution
		{3C10D7F4-2D33-46AC-9CBF-6F17103AAD86}.Debug|Any CPU.ActiveCfg = Debug|Any CPU
		{3C10D7F4-2D33-46AC-9CBF-6F17103AAD86}.Debug|Any CPU.Build.0 = Debug|Any CPU
		{3C10D7F4-2D33-46AC-9CBF-6F17103AAD86}.Release|Any CPU.ActiveCfg = Release|Any CPU
		{3C10D7F4-2D33-46AC-9CBF-6F17103AAD86}.Release|Any CPU.Build.0 = Release|Any CPU
	EndGlobalSection
	GlobalSection(SolutionProperties) = preSolution
		HideSolutionNode = FALSE
	EndGlobalSection
	GlobalSection(NestedProjects) = preSolution
		{3C10D7F4-2D33-46AC-9CBF-6F17103AAD86} = {BBC7C280-7A77-42B3-A81F-5471D7D2DF63}
	EndGlobalSection
	GlobalSection(ExtensibilityGlobals) = postSolution
		SolutionGuid = {A42522D3-1B56-424C-B4A7-D6EA285DE326}
	EndGlobalSection
EndGlobal
